
Microsoft Visual Studio Solution File, Format Version 12.00
# Visual Studio Version 16
VisualStudioVersion = 16.0.29215.179
MinimumVisualStudioVersion = 10.0.40219.1
Project("{FAE04EC0-301F-11D3-BF4B-00C04F79EFBC}") = "SocketIterative", "SocketIterative\SocketIterative.csproj", "{014E3B36-CD37-4139-8093-C907D770A937}"
EndProject
Global
	GlobalSection(SolutionConfigurationPlatforms) = preSolution
		Debug|Any CPU = Debug|Any CPU
		Release|Any CPU = Release|Any CPU
	EndGlobalSection
	GlobalSection(ProjectConfigurationPlatforms) = postSolution
		{014E3B36-CD37-4139-8093-C907D770A937}.Debug|Any CPU.ActiveCfg = Debug|Any CPU
		{014E3B36-CD37-4139-8093-C907D770A937}.Debug|Any CPU.Build.0 = Debug|Any CPU
		{014E3B36-CD37-4139-8093-C907D770A937}.Release|Any CPU.ActiveCfg = Release|Any CPU
		{014E3B36-CD37-4139-8093-C907D770A937}.Release|Any CPU.Build.0 = Release|Any CPU
	EndGlobalSection
	GlobalSection(SolutionProperties) = preSolution
		HideSolutionNode = FALSE
	EndGlobalSection
	GlobalSection(ExtensibilityGlobals) = postSolution
		SolutionGuid = {BE07D11F-E3BF-4A48-97B0-1C6E7D0C7E89}
	EndGlobalSection
EndGlobal
